
Microsoft Visual Studio Solution File, Format Version 12.00
# Visual Studio Version 16
VisualStudioVersion = 16.0.30104.148
MinimumVisualStudioVersion = 10.0.40219.1
Project("{9A19103F-16F7-4668-BE54-9A1E7A4F7556}") = "ApnaBawarchiKhana.Server", "Server\ApnaBawarchiKhana.Server.csproj", "{9620759F-68FB-4EFF-BC1C-6FD3BAB81632}"
EndProject
Project("{9A19103F-16F7-4668-BE54-9A1E7A4F7556}") = "ApnaBawarchiKhana.Client", "Client\ApnaBawarchiKhana.Client.csproj", "{84286432-7FC9-408D-BA6B-7405E2F0790C}"
EndProject
Project("{9A19103F-16F7-4668-BE54-9A1E7A4F7556}") = "ApnaBawarchiKhana.Shared", "Shared\ApnaBawarchiKhana.Shared.csproj", "{EB9FD073-E942-4BAC-828D-AA5D153B1C2C}"
EndProject
Global
	GlobalSection(SolutionConfigurationPlatforms) = preSolution
		Debug|Any CPU = Debug|Any CPU
		Release|Any CPU = Release|Any CPU
	EndGlobalSection
	GlobalSection(ProjectConfigurationPlatforms) = postSolution
		{9620759F-68FB-4EFF-BC1C-6FD3BAB81632}.Debug|Any CPU.ActiveCfg = Debug|Any CPU
		{9620759F-68FB-4EFF-BC1C-6FD3BAB81632}.Debug|Any CPU.Build.0 = Debug|Any CPU
		{9620759F-68FB-4EFF-BC1C-6FD3BAB81632}.Release|Any CPU.ActiveCfg = Release|Any CPU
		{9620759F-68FB-4EFF-BC1C-6FD3BAB81632}.Release|Any CPU.Build.0 = Release|Any CPU
		{84286432-7FC9-408D-BA6B-7405E2F0790C}.Debug|Any CPU.ActiveCfg = Debug|Any CPU
		{84286432-7FC9-408D-BA6B-7405E2F0790C}.Debug|Any CPU.Build.0 = Debug|Any CPU
		{84286432-7FC9-408D-BA6B-7405E2F0790C}.Release|Any CPU.ActiveCfg = Release|Any CPU
		{84286432-7FC9-408D-BA6B-7405E2F0790C}.Release|Any CPU.Build.0 = Release|Any CPU
		{EB9FD073-E942-4BAC-828D-AA5D153B1C2C}.Debug|Any CPU.ActiveCfg = Debug|Any CPU
		{EB9FD073-E942-4BAC-828D-AA5D153B1C2C}.Debug|Any CPU.Build.0 = Debug|Any CPU
		{EB9FD073-E942-4BAC-828D-AA5D153B1C2C}.Release|Any CPU.ActiveCfg = Release|Any CPU
		{EB9FD073-E942-4BAC-828D-AA5D153B1C2C}.Release|Any CPU.Build.0 = Release|Any CPU
	EndGlobalSection
	GlobalSection(SolutionProperties) = preSolution
		HideSolutionNode = FALSE
	EndGlobalSection
	GlobalSection(ExtensibilityGlobals) = postSolution
		SolutionGuid = {1078E61B-A9D6-4B78-AC42-AE69C1E1F092}
	EndGlobalSection
EndGlobal
